// !$*UTF8*$!
{
	archiveVersion = 1;
	classes = {
	};
	objectVersion = 46;
	objects = {

/* Begin PBXBuildFile section */
		0EA9265AE513FE8951635CE2 /* Pods_DisplaySwitcher_Example.framework in Frameworks */ = {isa = PBXBuildFile; fileRef = AD9A4F79BB4A69C545E248BF /* Pods_DisplaySwitcher_Example.framework */; };
		607FACEC1AFB9204008FA782 /* Tests.swift in Sources */ = {isa = PBXBuildFile; fileRef = 607FACEB1AFB9204008FA782 /* Tests.swift */; };
		77C5B43A1CBBCBA5008E92DD /* AppDelegate.swift in Sources */ = {isa = PBXBuildFile; fileRef = 77C5B4181CBBCBA5008E92DD /* AppDelegate.swift */; };
		77C5B43B1CBBCBA5008E92DD /* LaunchScreen.storyboard in Resources */ = {isa = PBXBuildFile; fileRef = 77C5B41A1CBBCBA5008E92DD /* LaunchScreen.storyboard */; };
		77C5B43C1CBBCBA5008E92DD /* Main.storyboard in Resources */ = {isa = PBXBuildFile; fileRef = 77C5B41C1CBBCBA5008E92DD /* Main.storyboard */; };
		77C5B43D1CBBCBA5008E92DD /* UserDataProvider.swift in Sources */ = {isa = PBXBuildFile; fileRef = 77C5B4201CBBCBA5008E92DD /* UserDataProvider.swift */; };
		77C5B43E1CBBCBA5008E92DD /* CustomColors.swift in Sources */ = {isa = PBXBuildFile; fileRef = 77C5B4221CBBCBA5008E92DD /* CustomColors.swift */; };
		77C5B43F1CBBCBA5008E92DD /* StringUtitlities.swift in Sources */ = {isa = PBXBuildFile; fileRef = 77C5B4231CBBCBA5008E92DD /* StringUtitlities.swift */; };
		77C5B4401CBBCBA5008E92DD /* User.swift in Sources */ = {isa = PBXBuildFile; fileRef = 77C5B4261CBBCBA5008E92DD /* User.swift */; };
		77C5B4411CBBCBA5008E92DD /* CellInterface.swift in Sources */ = {isa = PBXBuildFile; fileRef = 77C5B4281CBBCBA5008E92DD /* CellInterface.swift */; };
		77C5B4421CBBCBA5008E92DD /* Dosis-Bold.otf in Resources */ = {isa = PBXBuildFile; fileRef = 77C5B42B1CBBCBA5008E92DD /* Dosis-Bold.otf */; };
		77C5B4431CBBCBA5008E92DD /* Dosis-ExtraBold.otf in Resources */ = {isa = PBXBuildFile; fileRef = 77C5B42C1CBBCBA5008E92DD /* Dosis-ExtraBold.otf */; };
		77C5B4441CBBCBA5008E92DD /* Dosis-ExtraLight.otf in Resources */ = {isa = PBXBuildFile; fileRef = 77C5B42D1CBBCBA5008E92DD /* Dosis-ExtraLight.otf */; };
		77C5B4451CBBCBA5008E92DD /* Dosis-Light.otf in Resources */ = {isa = PBXBuildFile; fileRef = 77C5B42E1CBBCBA5008E92DD /* Dosis-Light.otf */; };
		77C5B4461CBBCBA5008E92DD /* Dosis-Medium.otf in Resources */ = {isa = PBXBuildFile; fileRef = 77C5B42F1CBBCBA5008E92DD /* Dosis-Medium.otf */; };
		77C5B4471CBBCBA5008E92DD /* Dosis-Regular.otf in Resources */ = {isa = PBXBuildFile; fileRef = 77C5B4301CBBCBA5008E92DD /* Dosis-Regular.otf */; };
		77C5B4481CBBCBA5008E92DD /* Dosis-SemiBold.otf in Resources */ = {isa = PBXBuildFile; fileRef = 77C5B4311CBBCBA5008E92DD /* Dosis-SemiBold.otf */; };
		77C5B4491CBBCBA5008E92DD /* UserViewController.swift in Sources */ = {isa = PBXBuildFile; fileRef = 77C5B4341CBBCBA5008E92DD /* UserViewController.swift */; };
		77C5B44A1CBBCBA5008E92DD /* UserCollectionViewCell.swift in Sources */ = {isa = PBXBuildFile; fileRef = 77C5B4381CBBCBA5008E92DD /* UserCollectionViewCell.swift */; };
		77C5B44B1CBBCBA5008E92DD /* UserCollectionViewCell.xib in Resources */ = {isa = PBXBuildFile; fileRef = 77C5B4391CBBCBA5008E92DD /* UserCollectionViewCell.xib */; };
		77FE01261CBBF437002BAFF4 /* Assets.xcassets in Resources */ = {isa = PBXBuildFile; fileRef = 77FE01251CBBF437002BAFF4 /* Assets.xcassets */; };
/* End PBXBuildFile section */

/* Begin PBXContainerItemProxy section */
		607FACE61AFB9204008FA782 /* PBXContainerItemProxy */ = {
			isa = PBXContainerItemProxy;
			containerPortal = 607FACC81AFB9204008FA782 /* Project object */;
			proxyType = 1;
			remoteGlobalIDString = 607FACCF1AFB9204008FA782;
			remoteInfo = DisplaySwitcher;
		};
/* End PBXContainerItemProxy section */

/* Begin PBXFileReference section */
		2C6796BA1FAC50ED0FF06A03 /* Pods-DisplaySwitcher_Example.debug.xcconfig */ = {isa = PBXFileReference; includeInIndex = 1; lastKnownFileType = text.xcconfig; name = "Pods-DisplaySwitcher_Example.debug.xcconfig"; path = "Pods/Target Support Files/Pods-DisplaySwitcher_Example/Pods-DisplaySwitcher_Example.debug.xcconfig"; sourceTree = "<group>"; };
		36349D07B5227E52B261E05B /* README.md */ = {isa = PBXFileReference; includeInIndex = 1; lastKnownFileType = net.daringfireball.markdown; name = README.md; path = ../README.md; sourceTree = "<group>"; };
		5E4DC8A6DF63BCD31869A71D /* DisplaySwitcher.podspec */ = {isa = PBXFileReference; includeInIndex = 1; lastKnownFileType = text; name = DisplaySwitcher.podspec; path = ../DisplaySwitcher.podspec; sourceTree = "<group>"; };
		607FACD01AFB9204008FA782 /* DisplaySwitcher_Example.app */ = {isa = PBXFileReference; explicitFileType = wrapper.application; includeInIndex = 0; path = DisplaySwitcher_Example.app; sourceTree = BUILT_PRODUCTS_DIR; };
		607FACD41AFB9204008FA782 /* Info.plist */ = {isa = PBXFileReference; lastKnownFileType = text.plist.xml; path = Info.plist; sourceTree = "<group>"; };
		607FACE51AFB9204008FA782 /* DisplaySwitcher_Tests.xctest */ = {isa = PBXFileReference; explicitFileType = wrapper.cfbundle; includeInIndex = 0; path = DisplaySwitcher_Tests.xctest; sourceTree = BUILT_PRODUCTS_DIR; };
		607FACEA1AFB9204008FA782 /* Info.plist */ = {isa = PBXFileReference; lastKnownFileType = text.plist.xml; path = Info.plist; sourceTree = "<group>"; };
		607FACEB1AFB9204008FA782 /* Tests.swift */ = {isa = PBXFileReference; lastKnownFileType = sourcecode.swift; path = Tests.swift; sourceTree = "<group>"; };
		77C5B4171CBBCBA4008E92DD /* DisplaySwitcher_Example-Bridging-Header.h */ = {isa = PBXFileReference; lastKnownFileType = sourcecode.c.h; path = "DisplaySwitcher_Example-Bridging-Header.h"; sourceTree = "<group>"; };
		77C5B4181CBBCBA5008E92DD /* AppDelegate.swift */ = {isa = PBXFileReference; fileEncoding = 4; lastKnownFileType = sourcecode.swift; path = AppDelegate.swift; sourceTree = "<group>"; };
		77C5B41B1CBBCBA5008E92DD /* Base */ = {isa = PBXFileReference; lastKnownFileType = file.storyboard; name = Base; path = LaunchScreen.storyboard; sourceTree = "<group>"; };
		77C5B41D1CBBCBA5008E92DD /* Base */ = {isa = PBXFileReference; lastKnownFileType = file.storyboard; name = Base; path = Main.storyboard; sourceTree = "<group>"; };
		77C5B4201CBBCBA5008E92DD /* UserDataProvider.swift */ = {isa = PBXFileReference; fileEncoding = 4; lastKnownFileType = sourcecode.swift; path = UserDataProvider.swift; sourceTree = "<group>"; };
		77C5B4221CBBCBA5008E92DD /* CustomColors.swift */ = {isa = PBXFileReference; fileEncoding = 4; lastKnownFileType = sourcecode.swift; path = CustomColors.swift; sourceTree = "<group>"; };
		77C5B4231CBBCBA5008E92DD /* StringUtitlities.swift */ = {isa = PBXFileReference; fileEncoding = 4; lastKnownFileType = sourcecode.swift; path = StringUtitlities.swift; sourceTree = "<group>"; };
		77C5B4261CBBCBA5008E92DD /* User.swift */ = {isa = PBXFileReference; fileEncoding = 4; lastKnownFileType = sourcecode.swift; path = User.swift; sourceTree = "<group>"; };
		77C5B4281CBBCBA5008E92DD /* CellInterface.swift */ = {isa = PBXFileReference; fileEncoding = 4; lastKnownFileType = sourcecode.swift; path = CellInterface.swift; sourceTree = "<group>"; };
		77C5B42B1CBBCBA5008E92DD /* Dosis-Bold.otf */ = {isa = PBXFileReference; lastKnownFileType = file; path = "Dosis-Bold.otf"; sourceTree = "<group>"; };
		77C5B42C1CBBCBA5008E92DD /* Dosis-ExtraBold.otf */ = {isa = PBXFileReference; lastKnownFileType = file; path = "Dosis-ExtraBold.otf"; sourceTree = "<group>"; };
		77C5B42D1CBBCBA5008E92DD /* Dosis-ExtraLight.otf */ = {isa = PBXFileReference; lastKnownFileType = file; path = "Dosis-ExtraLight.otf"; sourceTree = "<group>"; };
		77C5B42E1CBBCBA5008E92DD /* Dosis-Light.otf */ = {isa = PBXFileReference; lastKnownFileType = file; path = "Dosis-Light.otf"; sourceTree = "<group>"; };
		77C5B42F1CBBCBA5008E92DD /* Dosis-Medium.otf */ = {isa = PBXFileReference; lastKnownFileType = file; path = "Dosis-Medium.otf"; sourceTree = "<group>"; };
		77C5B4301CBBCBA5008E92DD /* Dosis-Regular.otf */ = {isa = PBXFileReference; lastKnownFileType = file; path = "Dosis-Regular.otf"; sourceTree = "<group>"; };
		77C5B4311CBBCBA5008E92DD /* Dosis-SemiBold.otf */ = {isa = PBXFileReference; lastKnownFileType = file; path = "Dosis-SemiBold.otf"; sourceTree = "<group>"; };
		77C5B4341CBBCBA5008E92DD /* UserViewController.swift */ = {isa = PBXFileReference; fileEncoding = 4; lastKnownFileType = sourcecode.swift; path = UserViewController.swift; sourceTree = "<group>"; };
		77C5B4381CBBCBA5008E92DD /* UserCollectionViewCell.swift */ = {isa = PBXFileReference; fileEncoding = 4; lastKnownFileType = sourcecode.swift; path = UserCollectionViewCell.swift; sourceTree = "<group>"; };
		77C5B4391CBBCBA5008E92DD /* UserCollectionViewCell.xib */ = {isa = PBXFileReference; fileEncoding = 4; lastKnownFileType = file.xib; path = UserCollectionViewCell.xib; sourceTree = "<group>"; };
		77FE01251CBBF437002BAFF4 /* Assets.xcassets */ = {isa = PBXFileReference; lastKnownFileType = folder.assetcatalog; path = Assets.xcassets; sourceTree = "<group>"; };
		7B9B39F07E6158A039530CAF /* LICENSE */ = {isa = PBXFileReference; includeInIndex = 1; lastKnownFileType = text; name = LICENSE; path = ../LICENSE; sourceTree = "<group>"; };
		86F3D3F84D4837774DDDC97B /* Pods-DisplaySwitcher_Example.release.xcconfig */ = {isa = PBXFileReference; includeInIndex = 1; lastKnownFileType = text.xcconfig; name = "Pods-DisplaySwitcher_Example.release.xcconfig"; path = "Pods/Target Support Files/Pods-DisplaySwitcher_Example/Pods-DisplaySwitcher_Example.release.xcconfig"; sourceTree = "<group>"; };
		AD9A4F79BB4A69C545E248BF /* Pods_DisplaySwitcher_Example.framework */ = {isa = PBXFileReference; explicitFileType = wrapper.framework; includeInIndex = 0; path = Pods_DisplaySwitcher_Example.framework; sourceTree = BUILT_PRODUCTS_DIR; };
/* End PBXFileReference section */

/* Begin PBXFrameworksBuildPhase section */
		607FACCD1AFB9204008FA782 /* Frameworks */ = {
			isa = PBXFrameworksBuildPhase;
			buildActionMask = 2147483647;
			files = (
				0EA9265AE513FE8951635CE2 /* Pods_DisplaySwitcher_Example.framework in Frameworks */,
			);
			runOnlyForDeploymentPostprocessing = 0;
		};
		607FACE21AFB9204008FA782 /* Frameworks */ = {
			isa = PBXFrameworksBuildPhase;
			buildActionMask = 2147483647;
			files = (
			);
			runOnlyForDeploymentPostprocessing = 0;
		};
/* End PBXFrameworksBuildPhase section */

/* Begin PBXGroup section */
		13C0456C0926F485B2E28337 /* Frameworks */ = {
			isa = PBXGroup;
			children = (
				AD9A4F79BB4A69C545E248BF /* Pods_DisplaySwitcher_Example.framework */,
			);
			name = Frameworks;
			sourceTree = "<group>";
		};
		607FACC71AFB9204008FA782 = {
			isa = PBXGroup;
			children = (
				607FACF51AFB993E008FA782 /* Podspec Metadata */,
				607FACD21AFB9204008FA782 /* DisplaySwitcher-Example */,
				607FACE81AFB9204008FA782 /* Tests */,
				607FACD11AFB9204008FA782 /* Products */,
				EBDC51E1483053A1D8FC881F /* Pods */,
				13C0456C0926F485B2E28337 /* Frameworks */,
			);
			sourceTree = "<group>";
		};
		607FACD11AFB9204008FA782 /* Products */ = {
			isa = PBXGroup;
			children = (
				607FACD01AFB9204008FA782 /* DisplaySwitcher_Example.app */,
				607FACE51AFB9204008FA782 /* DisplaySwitcher_Tests.xctest */,
			);
			name = Products;
			sourceTree = "<group>";
		};
		607FACD21AFB9204008FA782 /* DisplaySwitcher-Example */ = {
			isa = PBXGroup;
			children = (
				77C5B4181CBBCBA5008E92DD /* AppDelegate.swift */,
				77C5B4321CBBCBA5008E92DD /* ViewControllers */,
				77C5B4351CBBCBA5008E92DD /* Views */,
				77C5B41E1CBBCBA5008E92DD /* DataProviders */,
				77C5B4211CBBCBA5008E92DD /* Extensions */,
				77C5B4241CBBCBA5008E92DD /* Models */,
				77C5B4271CBBCBA5008E92DD /* Protocols */,
				77C5B4291CBBCBA5008E92DD /* Resources */,
				77C5B4191CBBCBA5008E92DD /* Base.lproj */,
				607FACD31AFB9204008FA782 /* Supporting Files */,
				77FE01251CBBF437002BAFF4 /* Assets.xcassets */,
				77C5B4171CBBCBA4008E92DD /* DisplaySwitcher_Example-Bridging-Header.h */,
			);
			name = "DisplaySwitcher-Example";
			path = DisplaySwitcher;
			sourceTree = "<group>";
		};
		607FACD31AFB9204008FA782 /* Supporting Files */ = {
			isa = PBXGroup;
			children = (
				607FACD41AFB9204008FA782 /* Info.plist */,
			);
			name = "Supporting Files";
			sourceTree = "<group>";
		};
		607FACE81AFB9204008FA782 /* Tests */ = {
			isa = PBXGroup;
			children = (
				607FACEB1AFB9204008FA782 /* Tests.swift */,
				607FACE91AFB9204008FA782 /* Supporting Files */,
			);
			path = Tests;
			sourceTree = "<group>";
		};
		607FACE91AFB9204008FA782 /* Supporting Files */ = {
			isa = PBXGroup;
			children = (
				607FACEA1AFB9204008FA782 /* Info.plist */,
			);
			name = "Supporting Files";
			sourceTree = "<group>";
		};
		607FACF51AFB993E008FA782 /* Podspec Metadata */ = {
			isa = PBXGroup;
			children = (
				5E4DC8A6DF63BCD31869A71D /* DisplaySwitcher.podspec */,
				36349D07B5227E52B261E05B /* README.md */,
				7B9B39F07E6158A039530CAF /* LICENSE */,
			);
			name = "Podspec Metadata";
			sourceTree = "<group>";
		};
		77C5B4191CBBCBA5008E92DD /* Base.lproj */ = {
			isa = PBXGroup;
			children = (
				77C5B41A1CBBCBA5008E92DD /* LaunchScreen.storyboard */,
				77C5B41C1CBBCBA5008E92DD /* Main.storyboard */,
			);
			path = Base.lproj;
			sourceTree = "<group>";
		};
		77C5B41E1CBBCBA5008E92DD /* DataProviders */ = {
			isa = PBXGroup;
			children = (
				77C5B41F1CBBCBA5008E92DD /* UserDataProvider */,
			);
			path = DataProviders;
			sourceTree = "<group>";
		};
		77C5B41F1CBBCBA5008E92DD /* UserDataProvider */ = {
			isa = PBXGroup;
			children = (
				77C5B4201CBBCBA5008E92DD /* UserDataProvider.swift */,
			);
			path = UserDataProvider;
			sourceTree = "<group>";
		};
		77C5B4211CBBCBA5008E92DD /* Extensions */ = {
			isa = PBXGroup;
			children = (
				77C5B4221CBBCBA5008E92DD /* CustomColors.swift */,
				77C5B4231CBBCBA5008E92DD /* StringUtitlities.swift */,
			);
			path = Extensions;
			sourceTree = "<group>";
		};
		77C5B4241CBBCBA5008E92DD /* Models */ = {
			isa = PBXGroup;
			children = (
				77C5B4251CBBCBA5008E92DD /* User */,
			);
			path = Models;
			sourceTree = "<group>";
		};
		77C5B4251CBBCBA5008E92DD /* User */ = {
			isa = PBXGroup;
			children = (
				77C5B4261CBBCBA5008E92DD /* User.swift */,
			);
			path = User;
			sourceTree = "<group>";
		};
		77C5B4271CBBCBA5008E92DD /* Protocols */ = {
			isa = PBXGroup;
			children = (
				77C5B4281CBBCBA5008E92DD /* CellInterface.swift */,
			);
			path = Protocols;
			sourceTree = "<group>";
		};
		77C5B4291CBBCBA5008E92DD /* Resources */ = {
			isa = PBXGroup;
			children = (
				77C5B42A1CBBCBA5008E92DD /* Fonts */,
			);
			path = Resources;
			sourceTree = "<group>";
		};
		77C5B42A1CBBCBA5008E92DD /* Fonts */ = {
			isa = PBXGroup;
			children = (
				77C5B42B1CBBCBA5008E92DD /* Dosis-Bold.otf */,
				77C5B42C1CBBCBA5008E92DD /* Dosis-ExtraBold.otf */,
				77C5B42D1CBBCBA5008E92DD /* Dosis-ExtraLight.otf */,
				77C5B42E1CBBCBA5008E92DD /* Dosis-Light.otf */,
				77C5B42F1CBBCBA5008E92DD /* Dosis-Medium.otf */,
				77C5B4301CBBCBA5008E92DD /* Dosis-Regular.otf */,
				77C5B4311CBBCBA5008E92DD /* Dosis-SemiBold.otf */,
			);
			path = Fonts;
			sourceTree = "<group>";
		};
		77C5B4321CBBCBA5008E92DD /* ViewControllers */ = {
			isa = PBXGroup;
			children = (
				77C5B4331CBBCBA5008E92DD /* UserViewController */,
			);
			path = ViewControllers;
			sourceTree = "<group>";
		};
		77C5B4331CBBCBA5008E92DD /* UserViewController */ = {
			isa = PBXGroup;
			children = (
				77C5B4341CBBCBA5008E92DD /* UserViewController.swift */,
			);
			path = UserViewController;
			sourceTree = "<group>";
		};
		77C5B4351CBBCBA5008E92DD /* Views */ = {
			isa = PBXGroup;
			children = (
				77C5B4361CBBCBA5008E92DD /* CollectionViewCells */,
			);
			path = Views;
			sourceTree = "<group>";
		};
		77C5B4361CBBCBA5008E92DD /* CollectionViewCells */ = {
			isa = PBXGroup;
			children = (
				77C5B4371CBBCBA5008E92DD /* UserCollectionViewCell */,
			);
			path = CollectionViewCells;
			sourceTree = "<group>";
		};
		77C5B4371CBBCBA5008E92DD /* UserCollectionViewCell */ = {
			isa = PBXGroup;
			children = (
				77C5B4381CBBCBA5008E92DD /* UserCollectionViewCell.swift */,
				77C5B4391CBBCBA5008E92DD /* UserCollectionViewCell.xib */,
			);
			path = UserCollectionViewCell;
			sourceTree = "<group>";
		};
		EBDC51E1483053A1D8FC881F /* Pods */ = {
			isa = PBXGroup;
			children = (
				2C6796BA1FAC50ED0FF06A03 /* Pods-DisplaySwitcher_Example.debug.xcconfig */,
				86F3D3F84D4837774DDDC97B /* Pods-DisplaySwitcher_Example.release.xcconfig */,
			);
			name = Pods;
			sourceTree = "<group>";
		};
/* End PBXGroup section */

/* Begin PBXNativeTarget section */
		607FACCF1AFB9204008FA782 /* DisplaySwitcher_Example */ = {
			isa = PBXNativeTarget;
			buildConfigurationList = 607FACEF1AFB9204008FA782 /* Build configuration list for PBXNativeTarget "DisplaySwitcher_Example" */;
			buildPhases = (
				A6A9898944FEC35F69052D80 /* [CP] Check Pods Manifest.lock */,
				607FACCC1AFB9204008FA782 /* Sources */,
				607FACCD1AFB9204008FA782 /* Frameworks */,
				607FACCE1AFB9204008FA782 /* Resources */,
				47C22E1E55458763636887D0 /* [CP] Embed Pods Frameworks */,
				3F42D05443725DD05DBB3918 /* [CP] Copy Pods Resources */,
			);
			buildRules = (
			);
			dependencies = (
			);
			name = DisplaySwitcher_Example;
			productName = DisplaySwitcher;
			productReference = 607FACD01AFB9204008FA782 /* DisplaySwitcher_Example.app */;
			productType = "com.apple.product-type.application";
		};
		607FACE41AFB9204008FA782 /* DisplaySwitcher_Tests */ = {
			isa = PBXNativeTarget;
			buildConfigurationList = 607FACF21AFB9204008FA782 /* Build configuration list for PBXNativeTarget "DisplaySwitcher_Tests" */;
			buildPhases = (
				607FACE11AFB9204008FA782 /* Sources */,
				607FACE21AFB9204008FA782 /* Frameworks */,
				607FACE31AFB9204008FA782 /* Resources */,
			);
			buildRules = (
			);
			dependencies = (
				607FACE71AFB9204008FA782 /* PBXTargetDependency */,
			);
			name = DisplaySwitcher_Tests;
			productName = Tests;
			productReference = 607FACE51AFB9204008FA782 /* DisplaySwitcher_Tests.xctest */;
			productType = "com.apple.product-type.bundle.unit-test";
		};
/* End PBXNativeTarget section */

/* Begin PBXProject section */
		607FACC81AFB9204008FA782 /* Project object */ = {
			isa = PBXProject;
			attributes = {
				LastSwiftUpdateCheck = 0720;
				LastUpgradeCheck = 0720;
				ORGANIZATIONNAME = CocoaPods;
				TargetAttributes = {
					607FACCF1AFB9204008FA782 = {
						CreatedOnToolsVersion = 6.3.1;
					};
					607FACE41AFB9204008FA782 = {
						CreatedOnToolsVersion = 6.3.1;
						TestTargetID = 607FACCF1AFB9204008FA782;
					};
				};
			};
			buildConfigurationList = 607FACCB1AFB9204008FA782 /* Build configuration list for PBXProject "DisplaySwitcher" */;
			compatibilityVersion = "Xcode 3.2";
			developmentRegion = English;
			hasScannedForEncodings = 0;
			knownRegions = (
				en,
				Base,
			);
			mainGroup = 607FACC71AFB9204008FA782;
			productRefGroup = 607FACD11AFB9204008FA782 /* Products */;
			projectDirPath = "";
			projectRoot = "";
			targets = (
				607FACCF1AFB9204008FA782 /* DisplaySwitcher_Example */,
				607FACE41AFB9204008FA782 /* DisplaySwitcher_Tests */,
			);
		};
/* End PBXProject section */

/* Begin PBXResourcesBuildPhase section */
		607FACCE1AFB9204008FA782 /* Resources */ = {
			isa = PBXResourcesBuildPhase;
			buildActionMask = 2147483647;
			files = (
				77C5B4441CBBCBA5008E92DD /* Dosis-ExtraLight.otf in Resources */,
				77C5B44B1CBBCBA5008E92DD /* UserCollectionViewCell.xib in Resources */,
				77FE01261CBBF437002BAFF4 /* Assets.xcassets in Resources */,
				77C5B4471CBBCBA5008E92DD /* Dosis-Regular.otf in Resources */,
				77C5B4451CBBCBA5008E92DD /* Dosis-Light.otf in Resources */,
				77C5B43B1CBBCBA5008E92DD /* LaunchScreen.storyboard in Resources */,
				77C5B4461CBBCBA5008E92DD /* Dosis-Medium.otf in Resources */,
				77C5B43C1CBBCBA5008E92DD /* Main.storyboard in Resources */,
				77C5B4431CBBCBA5008E92DD /* Dosis-ExtraBold.otf in Resources */,
				77C5B4481CBBCBA5008E92DD /* Dosis-SemiBold.otf in Resources */,
				77C5B4421CBBCBA5008E92DD /* Dosis-Bold.otf in Resources */,
			);
			runOnlyForDeploymentPostprocessing = 0;
		};
		607FACE31AFB9204008FA782 /* Resources */ = {
			isa = PBXResourcesBuildPhase;
			buildActionMask = 2147483647;
			files = (
			);
			runOnlyForDeploymentPostprocessing = 0;
		};
/* End PBXResourcesBuildPhase section */

/* Begin PBXShellScriptBuildPhase section */
		3F42D05443725DD05DBB3918 /* [CP] Copy Pods Resources */ = {
			isa = PBXShellScriptBuildPhase;
			buildActionMask = 2147483647;
			files = (
			);
			inputPaths = (
			);
			name = "[CP] Copy Pods Resources";
			outputPaths = (
			);
			runOnlyForDeploymentPostprocessing = 0;
			shellPath = /bin/sh;
			shellScript = "\"${SRCROOT}/Pods/Target Support Files/Pods-DisplaySwitcher_Example/Pods-DisplaySwitcher_Example-resources.sh\"\n";
			showEnvVarsInLog = 0;
		};
		47C22E1E55458763636887D0 /* [CP] Embed Pods Frameworks */ = {
			isa = PBXShellScriptBuildPhase;
			buildActionMask = 2147483647;
			files = (
			);
			inputPaths = (
			);
			name = "[CP] Embed Pods Frameworks";
			outputPaths = (
			);
			runOnlyForDeploymentPostprocessing = 0;
			shellPath = /bin/sh;
			shellScript = "\"${SRCROOT}/Pods/Target Support Files/Pods-DisplaySwitcher_Example/Pods-DisplaySwitcher_Example-frameworks.sh\"\n";
			showEnvVarsInLog = 0;
		};
		A6A9898944FEC35F69052D80 /* [CP] Check Pods Manifest.lock */ = {
			isa = PBXShellScriptBuildPhase;
			buildActionMask = 2147483647;
			files = (
			);
			inputPaths = (
			);
			name = "[CP] Check Pods Manifest.lock";
			outputPaths = (
			);
			runOnlyForDeploymentPostprocessing = 0;
			shellPath = /bin/sh;
			shellScript = "diff \"${PODS_ROOT}/../Podfile.lock\" \"${PODS_ROOT}/Manifest.lock\" > /dev/null\nif [[ $? != 0 ]] ; then\n    cat << EOM\nerror: The sandbox is not in sync with the Podfile.lock. Run 'pod install' or update your CocoaPods installation.\nEOM\n    exit 1\nfi\n";
			showEnvVarsInLog = 0;
		};
/* End PBXShellScriptBuildPhase section */

/* Begin PBXSourcesBuildPhase section */
		607FACCC1AFB9204008FA782 /* Sources */ = {
			isa = PBXSourcesBuildPhase;
			buildActionMask = 2147483647;
			files = (
				77C5B4491CBBCBA5008E92DD /* UserViewController.swift in Sources */,
				77C5B43F1CBBCBA5008E92DD /* StringUtitlities.swift in Sources */,
				77C5B43A1CBBCBA5008E92DD /* AppDelegate.swift in Sources */,
				77C5B43E1CBBCBA5008E92DD /* CustomColors.swift in Sources */,
				77C5B4411CBBCBA5008E92DD /* CellInterface.swift in Sources */,
				77C5B44A1CBBCBA5008E92DD /* UserCollectionViewCell.swift in Sources */,
				77C5B4401CBBCBA5008E92DD /* User.swift in Sources */,
				77C5B43D1CBBCBA5008E92DD /* UserDataProvider.swift in Sources */,
			);
			runOnlyForDeploymentPostprocessing = 0;
		};
		607FACE11AFB9204008FA782 /* Sources */ = {
			isa = PBXSourcesBuildPhase;
			buildActionMask = 2147483647;
			files = (
				607FACEC1AFB9204008FA782 /* Tests.swift in Sources */,
			);
			runOnlyForDeploymentPostprocessing = 0;
		};
/* End PBXSourcesBuildPhase section */

/* Begin PBXTargetDependency section */
		607FACE71AFB9204008FA782 /* PBXTargetDependency */ = {
			isa = PBXTargetDependency;
			target = 607FACCF1AFB9204008FA782 /* DisplaySwitcher_Example */;
			targetProxy = 607FACE61AFB9204008FA782 /* PBXContainerItemProxy */;
		};
/* End PBXTargetDependency section */

/* Begin PBXVariantGroup section */
		77C5B41A1CBBCBA5008E92DD /* LaunchScreen.storyboard */ = {
			isa = PBXVariantGroup;
			children = (
				77C5B41B1CBBCBA5008E92DD /* Base */,
			);
			name = LaunchScreen.storyboard;
			sourceTree = "<group>";
		};
		77C5B41C1CBBCBA5008E92DD /* Main.storyboard */ = {
			isa = PBXVariantGroup;
			children = (
				77C5B41D1CBBCBA5008E92DD /* Base */,
			);
			name = Main.storyboard;
			sourceTree = "<group>";
		};
/* End PBXVariantGroup section */

/* Begin XCBuildConfiguration section */
		607FACED1AFB9204008FA782 /* Debug */ = {
			isa = XCBuildConfiguration;
			buildSettings = {
				ALWAYS_SEARCH_USER_PATHS = NO;
				CLANG_CXX_LANGUAGE_STANDARD = "gnu++0x";
				CLANG_CXX_LIBRARY = "libc++";
				CLANG_ENABLE_MODULES = YES;
				CLANG_ENABLE_OBJC_ARC = YES;
				CLANG_WARN_BOOL_CONVERSION = YES;
				CLANG_WARN_CONSTANT_CONVERSION = YES;
				CLANG_WARN_DIRECT_OBJC_ISA_USAGE = YES_ERROR;
				CLANG_WARN_EMPTY_BODY = YES;
				CLANG_WARN_ENUM_CONVERSION = YES;
				CLANG_WARN_INT_CONVERSION = YES;
				CLANG_WARN_OBJC_ROOT_CLASS = YES_ERROR;
				CLANG_WARN_UNREACHABLE_CODE = YES;
				CLANG_WARN__DUPLICATE_METHOD_MATCH = YES;
				"CODE_SIGN_IDENTITY[sdk=iphoneos*]" = "iPhone Developer";
				COPY_PHASE_STRIP = NO;
				DEBUG_INFORMATION_FORMAT = "dwarf-with-dsym";
				ENABLE_STRICT_OBJC_MSGSEND = YES;
				ENABLE_TESTABILITY = YES;
				GCC_C_LANGUAGE_STANDARD = gnu99;
				GCC_DYNAMIC_NO_PIC = NO;
				GCC_NO_COMMON_BLOCKS = YES;
				GCC_OPTIMIZATION_LEVEL = 0;
				GCC_PREPROCESSOR_DEFINITIONS = (
					"DEBUG=1",
					"$(inherited)",
				);
				GCC_SYMBOLS_PRIVATE_EXTERN = NO;
				GCC_WARN_64_TO_32_BIT_CONVERSION = YES;
				GCC_WARN_ABOUT_RETURN_TYPE = YES_ERROR;
				GCC_WARN_UNDECLARED_SELECTOR = YES;
				GCC_WARN_UNINITIALIZED_AUTOS = YES_AGGRESSIVE;
				GCC_WARN_UNUSED_FUNCTION = YES;
				GCC_WARN_UNUSED_VARIABLE = YES;
				IPHONEOS_DEPLOYMENT_TARGET = 9.0;
				MTL_ENABLE_DEBUG_INFO = YES;
				ONLY_ACTIVE_ARCH = YES;
				SDKROOT = iphoneos;
				SWIFT_OPTIMIZATION_LEVEL = "-Onone";
			};
			name = Debug;
		};
		607FACEE1AFB9204008FA782 /* Release */ = {
			isa = XCBuildConfiguration;
			buildSettings = {
				ALWAYS_SEARCH_USER_PATHS = NO;
				CLANG_CXX_LANGUAGE_STANDARD = "gnu++0x";
				CLANG_CXX_LIBRARY = "libc++";
				CLANG_ENABLE_MODULES = YES;
				CLANG_ENABLE_OBJC_ARC = YES;
				CLANG_WARN_BOOL_CONVERSION = YES;
				CLANG_WARN_CONSTANT_CONVERSION = YES;
				CLANG_WARN_DIRECT_OBJC_ISA_USAGE = YES_ERROR;
				CLANG_WARN_EMPTY_BODY = YES;
				CLANG_WARN_ENUM_CONVERSION = YES;
				CLANG_WARN_INT_CONVERSION = YES;
				CLANG_WARN_OBJC_ROOT_CLASS = YES_ERROR;
				CLANG_WARN_UNREACHABLE_CODE = YES;
				CLANG_WARN__DUPLICATE_METHOD_MATCH = YES;
				"CODE_SIGN_IDENTITY[sdk=iphoneos*]" = "iPhone Developer";
				COPY_PHASE_STRIP = NO;
				DEBUG_INFORMATION_FORMAT = "dwarf-with-dsym";
				ENABLE_NS_ASSERTIONS = NO;
				ENABLE_STRICT_OBJC_MSGSEND = YES;
				GCC_C_LANGUAGE_STANDARD = gnu99;
				GCC_NO_COMMON_BLOCKS = YES;
				GCC_WARN_64_TO_32_BIT_CONVERSION = YES;
				GCC_WARN_ABOUT_RETURN_TYPE = YES_ERROR;
				GCC_WARN_UNDECLARED_SELECTOR = YES;
				GCC_WARN_UNINITIALIZED_AUTOS = YES_AGGRESSIVE;
				GCC_WARN_UNUSED_FUNCTION = YES;
				GCC_WARN_UNUSED_VARIABLE = YES;
				IPHONEOS_DEPLOYMENT_TARGET = 9.0;
				MTL_ENABLE_DEBUG_INFO = NO;
				SDKROOT = iphoneos;
				VALIDATE_PRODUCT = YES;
			};
			name = Release;
		};
		607FACF01AFB9204008FA782 /* Debug */ = {
			isa = XCBuildConfiguration;
			baseConfigurationReference = 2C6796BA1FAC50ED0FF06A03 /* Pods-DisplaySwitcher_Example.debug.xcconfig */;
			buildSettings = {
				ASSETCATALOG_COMPILER_APPICON_NAME = AppIcon;
				CLANG_ENABLE_MODULES = YES;
				INFOPLIST_FILE = DisplaySwitcher/Info.plist;
				IPHONEOS_DEPLOYMENT_TARGET = 9.3;
				LD_RUNPATH_SEARCH_PATHS = "$(inherited) @executable_path/Frameworks";
				MODULE_NAME = ExampleApp;
				PRODUCT_BUNDLE_IDENTIFIER = "org.cocoapods.demo.$(PRODUCT_NAME:rfc1034identifier)";
				PRODUCT_NAME = "$(TARGET_NAME)";
				SWIFT_OBJC_BRIDGING_HEADER = "DisplaySwitcher/DisplaySwitcher_Example-Bridging-Header.h";
				SWIFT_OPTIMIZATION_LEVEL = "-Onone";
			};
			name = Debug;
		};
		607FACF11AFB9204008FA782 /* Release */ = {
			isa = XCBuildConfiguration;
			baseConfigurationReference = 86F3D3F84D4837774DDDC97B /* Pods-DisplaySwitcher_Example.release.xcconfig */;
			buildSettings = {
				ASSETCATALOG_COMPILER_APPICON_NAME = AppIcon;
				CLANG_ENABLE_MODULES = YES;
				INFOPLIST_FILE = DisplaySwitcher/Info.plist;
				IPHONEOS_DEPLOYMENT_TARGET = 9.3;
				LD_RUNPATH_SEARCH_PATHS = "$(inherited) @executable_path/Frameworks";
				MODULE_NAME = ExampleApp;
				PRODUCT_BUNDLE_IDENTIFIER = "org.cocoapods.demo.$(PRODUCT_NAME:rfc1034identifier)";
				PRODUCT_NAME = "$(TARGET_NAME)";
				SWIFT_OBJC_BRIDGING_HEADER = "DisplaySwitcher/DisplaySwitcher_Example-Bridging-Header.h";
			};
			name = Release;
		};
		607FACF31AFB9204008FA782 /* Debug */ = {
			isa = XCBuildConfiguration;
			buildSettings = {
				FRAMEWORK_SEARCH_PATHS = (
					"$(SDKROOT)/Developer/Library/Frameworks",
					"$(inherited)",
				);
				GCC_PREPROCESSOR_DEFINITIONS = (
					"DEBUG=1",
					"$(inherited)",
				);
				INFOPLIST_FILE = Tests/Info.plist;
				LD_RUNPATH_SEARCH_PATHS = "$(inherited) @executable_path/Frameworks @loader_path/Frameworks";
				PRODUCT_BUNDLE_IDENTIFIER = "org.cocoapods.$(PRODUCT_NAME:rfc1034identifier)";
				PRODUCT_NAME = "$(TARGET_NAME)";
			};
			name = Debug;
		};
		607FACF41AFB9204008FA782 /* Release */ = {
			isa = XCBuildConfiguration;
			buildSettings = {
				FRAMEWORK_SEARCH_PATHS = (
					"$(SDKROOT)/Developer/Library/Frameworks",
					"$(inherited)",
				);
				INFOPLIST_FILE = Tests/Info.plist;
				LD_RUNPATH_SEARCH_PATHS = "$(inherited) @executable_path/Frameworks @loader_path/Frameworks";
				PRODUCT_BUNDLE_IDENTIFIER = "org.cocoapods.$(PRODUCT_NAME:rfc1034identifier)";
				PRODUCT_NAME = "$(TARGET_NAME)";
			};
			name = Release;
		};
/* End XCBuildConfiguration section */

/* Begin XCConfigurationList section */
		607FACCB1AFB9204008FA782 /* Build configuration list for PBXProject "DisplaySwitcher" */ = {
			isa = XCConfigurationList;
			buildConfigurations = (
				607FACED1AFB9204008FA782 /* Debug */,
				607FACEE1AFB9204008FA782 /* Release */,
			);
			defaultConfigurationIsVisible = 0;
			defaultConfigurationName = Release;
		};
		607FACEF1AFB9204008FA782 /* Build configuration list for PBXNativeTarget "DisplaySwitcher_Example" */ = {
			isa = XCConfigurationList;
			buildConfigurations = (
				607FACF01AFB9204008FA782 /* Debug */,
				607FACF11AFB9204008FA782 /* Release */,
			);
			defaultConfigurationIsVisible = 0;
			defaultConfigurationName = Release;
		};
		607FACF21AFB9204008FA782 /* Build configuration list for PBXNativeTarget "DisplaySwitcher_Tests" */ = {
			isa = XCConfigurationList;
			buildConfigurations = (
				607FACF31AFB9204008FA782 /* Debug */,
				607FACF41AFB9204008FA782 /* Release */,
			);
			defaultConfigurationIsVisible = 0;
			defaultConfigurationName = Release;
		};
/* End XCConfigurationList section */
	};
	rootObject = 607FACC81AFB9204008FA782 /* Project object */;
}
